github.com/adrg/libvlc-go/v3 v3.0.8 h1:/z2GD7e+/SzXMXh0doiAVqlKrdcBTRn4V3dMaZ9ab+4=
github.com/adrg/libvlc-go/v3 v3.0.8/go.mod h1:xJK0YD8cyMDejnrTFQinStE6RYCV1nlfS8KmqTpszSc=
github.com/codegoalie/golibnotify v0.1.0 h1:klJMgE+elOsuTLxFvZN+0q1XFgYGr6aT5RyIBb2dZ0c=
github.com/codegoalie/golibnotify v0.1.0/go.mod h1:+v6J4ss13rISdS08ENaHtBlxYOyIAPXVEUM4KyRYpoY=
github.com/godbus/dbus/v5 v5.0.3 h1:ZqHaoEF7TBzh4jzPmqVhE/5A1z9of6orkAe5uHoAeME=
github.com/godbus/dbus/v5 v5.0.3/go.mod h1:xhWf0FNVPg57R7Z0UbKHbJfkEywrmjJnf7w5xrFpKfA=
github.com/gosuri/uilive v0.0.4 h1:hUEBpQDj8D8jXgtCdBu7sWsy5sbW/5GhuO8KBwJ2jyY=
github.com/gosuri/uilive v0.0.4/go.mod h1:V/epo5LjjlDE5RJUcqx8dbw+zc93y5Ya3yg8tfZ74VI=
github.com/mattn/go-isatty v0.0.12 h1:wuysRhFDzyxgEmMf5xjvJ2M9dZoWAXNNr5LSBS7uHXY=
github.com/mattn/go-isatty v0.0.12/go.mod h1:cbi8OIDigv2wuxKPP5vlRcQ1OAZbq2CE4Kysco4FUpU=
golang.org/x/sys v0.0.0-20200116001909-b77594299b42/go.mod h1:h1NjWce9XRLGQEsW7wpKNCjG9DtNlClVuFLEZdDNbEs=
golang.org/x/sys v0.0.0-20210105210732-16f7687f5001 h1:/dSxr6gT0FNI1MO5WLJo8mTmItROeOKTkDn+7OwWBos=
golang.org/x/sys v0.0.0-20210105210732-16f7687f5001/go.mod h1:h1NjWce9XRLGQEsW7wpKNCjG9DtNlClVuFLEZdDNbEs=
