github.com/adrg/libvlc-go v0.0.0-20191105210939-8fd26894baa1 h1:ahbRuYc2EamP+vUncS7rePf3N/vTIfgYdtDaWLtfchc=
github.com/adrg/libvlc-go v0.0.0-20191105210939-8fd26894baa1/go.mod h1:4ZdwCxweeh35Pwc6W1TLVXIfRMJ16GHxfkaU+ItibDA=
github.com/codegoalie/golibnotify v0.0.0-20200227220351-6d46577633ac h1:zOINRO/BTSb7w21DFnJ10axkQUOmbMnoI4LoJOS2ec8=
github.com/codegoalie/golibnotify v0.0.0-20200227220351-6d46577633ac/go.mod h1:+v6J4ss13rISdS08ENaHtBlxYOyIAPXVEUM4KyRYpoY=
github.com/godbus/dbus/v5 v5.0.3 h1:ZqHaoEF7TBzh4jzPmqVhE/5A1z9of6orkAe5uHoAeME=
github.com/godbus/dbus/v5 v5.0.3/go.mod h1:xhWf0FNVPg57R7Z0UbKHbJfkEywrmjJnf7w5xrFpKfA=
github.com/gosuri/uilive v0.0.4 h1:hUEBpQDj8D8jXgtCdBu7sWsy5sbW/5GhuO8KBwJ2jyY=
github.com/gosuri/uilive v0.0.4/go.mod h1:V/epo5LjjlDE5RJUcqx8dbw+zc93y5Ya3yg8tfZ74VI=
github.com/mattn/go-isatty v0.0.11 h1:FxPOTFNqGkuDUGi3H/qkUbQO4ZiBa2brKq5r0l8TGeM=
github.com/mattn/go-isatty v0.0.11/go.mod h1:PhnuNfih5lzO57/f3n+odYbM4JtupLOxQOAqxQCu2WE=
golang.org/x/sys v0.0.0-20191026070338-33540a1f6037 h1:YyJpGZS1sBuBCzLAR1VEpK193GlqGZbnPFnPV/5Rsb4=
golang.org/x/sys v0.0.0-20191026070338-33540a1f6037/go.mod h1:h1NjWce9XRLGQEsW7wpKNCjG9DtNlClVuFLEZdDNbEs=
